
Microsoft Visual Studio Solution File, Format Version 12.00
# Visual Studio Version 16
VisualStudioVersion = 16.0.31702.278
MinimumVisualStudioVersion = 10.0.40219.1
Project("{FAE04EC0-301F-11D3-BF4B-00C04F79EFBC}") = "HomeManager04", "HomeManager04.csproj", "{B5C2CA8A-28B2-465A-B86E-A423B422C650}"
EndProject
Global
	GlobalSection(SolutionConfigurationPlatforms) = preSolution
		Debug|Any CPU = Debug|Any CPU
		Release|Any CPU = Release|Any CPU
	EndGlobalSection
	GlobalSection(ProjectConfigurationPlatforms) = postSolution
		{B5C2CA8A-28B2-465A-B86E-A423B422C650}.Debug|Any CPU.ActiveCfg = Debug|Any CPU
		{B5C2CA8A-28B2-465A-B86E-A423B422C650}.Debug|Any CPU.Build.0 = Debug|Any CPU
		{B5C2CA8A-28B2-465A-B86E-A423B422C650}.Release|Any CPU.ActiveCfg = Release|Any CPU
		{B5C2CA8A-28B2-465A-B86E-A423B422C650}.Release|Any CPU.Build.0 = Release|Any CPU
	EndGlobalSection
	GlobalSection(SolutionProperties) = preSolution
		HideSolutionNode = FALSE
	EndGlobalSection
	GlobalSection(ExtensibilityGlobals) = postSolution
		SolutionGuid = {A9CF787F-27BE-491E-8DD4-71257884AA6D}
	EndGlobalSection
EndGlobal
